<?xml version="1.0" encoding="utf-8"?>
<Project ToolsVersion="4.0" xmlns="http://schemas.microsoft.com/developer/msbuild/2003">
  <ItemGroup>
    <Filter Include="Source Files">
      <UniqueIdentifier>{4FC737F1-C7A5-4376-A066-2A32D752A2FF}</UniqueIdentifier>
      <Extensions>cpp;c;cc;cxx;def;odl;idl;hpj;bat;asm;asmx</Extensions>
    </Filter>
    <Filter Include="Header Files">
      <UniqueIdentifier>{93995380-89BD-4b04-88EB-625FBE52EBFB}</UniqueIdentifier>
      <Extensions>h;hh;hpp;hxx;hm;inl;inc;ipp;xsd</Extensions>
    </Filter>
    <Filter Include="Resource Files">
      <UniqueIdentifier>{67DA6AB6-F800-4c08-8B7A-83BB121AAD01}</UniqueIdentifier>
      <Extensions>rc;ico;cur;bmp;dlg;rc2;rct;bin;rgs;gif;jpg;jpeg;jpe;resx;tiff;tif;png;wav;mfcribbon-ms</Extensions>
    </Filter>
  </ItemGroup>
  <ItemGroup>
    <ClInclude Include="Library\Memory\PoolAllocator.hpp">
      <Filter>Header Files</Filter>
    </ClInclude>
    <ClInclude Include="Library\Meta\Tag.hpp">
      <Filter>Header Files</Filter>
    </ClInclude>
    <ClInclude Include="Runtime\ErrorHandling.hpp">
      <Filter>Header Files</Filter>
    </ClInclude>
    <ClInclude Include="Library\Memory\Alignment.hpp">
      <Filter>Header Files</Filter>
    </ClInclude>
    <ClInclude Include="Runtime\Service\Service.hpp">
      <Filter>Header Files</Filter>
    </ClInclude>
    <ClInclude Include="Runtime\Platform\Memory.hpp">
      <Filter>Header Files</Filter>
    </ClInclude>
    <ClInclude Include="Runtime\File\RegularFile.hpp">
      <Filter>Header Files</Filter>
    </ClInclude>
    <ClInclude Include="Runtime\Platform\File.hpp">
      <Filter>Header Files</Filter>
    </ClInclude>
    <ClInclude Include="Runtime\Memory\View.hpp">
      <Filter>Header Files</Filter>
    </ClInclude>
    <ClInclude Include="Library\Meta\CompileTimeError.hpp">
      <Filter>Header Files</Filter>
    </ClInclude>
    <ClInclude Include="Entity\Archetype.hpp">
      <Filter>Header Files</Filter>
    </ClInclude>
    <ClInclude Include="Entity\Component.hpp">
      <Filter>Header Files</Filter>
    </ClInclude>
    <ClInclude Include="Entity\System.hpp">
      <Filter>Header Files</Filter>
    </ClInclude>
    <ClInclude Include="Executor\TaskGraph.hpp">
      <Filter>Header Files</Filter>
    </ClInclude>
    <ClInclude Include="Library\Meta\Queue.hpp">
      <Filter>Header Files</Filter>
    </ClInclude>
    <ClInclude Include="Library\Meta\Stack.hpp">
      <Filter>Header Files</Filter>
    </ClInclude>
    <ClInclude Include="Library\Graph\TopologicalSort.hpp">
      <Filter>Header Files</Filter>
    </ClInclude>
    <ClInclude Include="Entity\detail\ComponentAccess.hpp">
      <Filter>Header Files</Filter>
    </ClInclude>
    <ClInclude Include="Entity\detail\ComponentAccessAllowAll.hpp">
      <Filter>Header Files</Filter>
    </ClInclude>
    <ClInclude Include="Entity\detail\ComponentAccessReadOnly.hpp">
      <Filter>Header Files</Filter>
    </ClInclude>
    <ClInclude Include="Entity\detail\ComponentAccessSystemAttribute.hpp">
      <Filter>Header Files</Filter>
    </ClInclude>
    <ClInclude Include="Entity\detail\ComponentFilter.hpp">
      <Filter>Header Files</Filter>
    </ClInclude>
    <ClInclude Include="Entity\detail\EntityDatabaseAccessExternal.hpp">
      <Filter>Header Files</Filter>
    </ClInclude>
    <ClInclude Include="Entity\detail\EntityDatabaseAccessInternal.hpp">
      <Filter>Header Files</Filter>
    </ClInclude>
    <ClInclude Include="Entity\detail\EntityDatabaseViewFiltered.hpp">
      <Filter>Header Files</Filter>
    </ClInclude>
    <ClInclude Include="Entity\detail\EntityDatabaseViewUnfiltered.hpp">
      <Filter>Header Files</Filter>
    </ClInclude>
    <ClInclude Include="Entity\detail\EntityId.hpp">
      <Filter>Header Files</Filter>
    </ClInclude>
    <ClInclude Include="Entity\detail\EntityIterator.hpp">
      <Filter>Header Files</Filter>
    </ClInclude>
    <ClInclude Include="Entity\detail\EntityIteratorFiltered.hpp">
      <Filter>Header Files</Filter>
    </ClInclude>
    <ClInclude Include="Entity\detail\EntityPage.hpp">
      <Filter>Header Files</Filter>
    </ClInclude>
    <ClInclude Include="Entity\detail\EntityPageIterator.hpp">
      <Filter>Header Files</Filter>
    </ClInclude>
    <ClInclude Include="Entity\detail\EntityPageViewFiltered.hpp">
      <Filter>Header Files</Filter>
    </ClInclude>
    <ClInclude Include="Entity\detail\EntityView.hpp">
      <Filter>Header Files</Filter>
    </ClInclude>
    <ClInclude Include="Library\Meta\Tuple.hpp">
      <Filter>Header Files</Filter>
    </ClInclude>
    <ClInclude Include="Executor\detail\CpgValidation.hpp">
      <Filter>Header Files</Filter>
    </ClInclude>
    <ClInclude Include="Executor\detail\SystemAccessTraits.hpp">
      <Filter>Header Files</Filter>
    </ClInclude>
    <ClInclude Include="Concepts\Container\Stack.hpp">
      <Filter>Header Files</Filter>
    </ClInclude>
    <ClInclude Include="Concepts\Allocator\ReallocatableAllocator.hpp">
      <Filter>Header Files</Filter>
    </ClInclude>
    <ClInclude Include="Concepts\Type\Rebindable.hpp">
      <Filter>Header Files</Filter>
    </ClInclude>
    <ClInclude Include="Library\Graph\AdjacencyList.hpp">
      <Filter>Header Files</Filter>
    </ClInclude>
    <ClInclude Include="Library\Graph\IsCyclic.hpp">
      <Filter>Header Files</Filter>
    </ClInclude>
    <ClInclude Include="Library\Graph\TransitiveReduce.hpp">
      <Filter>Header Files</Filter>
    </ClInclude>
    <ClInclude Include="Library\Graph\AdjacencyMatrixFixed.hpp">
      <Filter>Header Files</Filter>
    </ClInclude>
    <ClInclude Include="Library\Graph\ExtractPath.hpp">
      <Filter>Header Files</Filter>
    </ClInclude>
    <ClInclude Include="Library\Graph\FindPath.hpp">
      <Filter>Header Files</Filter>
    </ClInclude>
    <ClInclude Include="Library\Algorithm\Max.hpp">
      <Filter>Header Files</Filter>
    </ClInclude>
    <ClInclude Include="Library\Graph\Degree.hpp">
      <Filter>Header Files</Filter>
    </ClInclude>
    <ClInclude Include="Concepts\Type\Range.hpp">
      <Filter>Header Files</Filter>
    </ClInclude>
    <ClInclude Include="Library\Graph\Level.hpp">
      <Filter>Header Files</Filter>
    </ClInclude>
    <ClInclude Include="Library\Graph\TopologicalSortLexical.hpp">
      <Filter>Header Files</Filter>
    </ClInclude>
    <ClInclude Include="Library\Graph\Graph.hpp">
      <Filter>Header Files</Filter>
    </ClInclude>
    <ClInclude Include="Library\Graph\detail\GraphTraitDynamicSize.hpp">
      <Filter>Header Files</Filter>
    </ClInclude>
    <ClInclude Include="Library\Graph\detail\GraphTraitFixedSize.hpp">
      <Filter>Header Files</Filter>
    </ClInclude>
    <ClInclude Include="Library\Graph\detail\GraphTrait.hpp">
      <Filter>Header Files</Filter>
    </ClInclude>
    <ClInclude Include="Library\Graph\detail\GraphTraitConnectivity.hpp">
      <Filter>Header Files</Filter>
    </ClInclude>
    <ClInclude Include="Library\Container\BinaryHeap.hpp">
      <Filter>Header Files</Filter>
    </ClInclude>
    <ClInclude Include="Library\Meta\Op.hpp">
      <Filter>Header Files</Filter>
    </ClInclude>
    <ClInclude Include="Library\Graph\Traversal.hpp">
      <Filter>Header Files</Filter>
    </ClInclude>
    <ClInclude Include="Library\Algorithm\Pairwise.hpp">
      <Filter>Header Files</Filter>
    </ClInclude>
    <ClInclude Include="Entity\ComponentReflection.hpp">
      <Filter>Header Files</Filter>
    </ClInclude>
    <ClInclude Include="Runtime\File\MappedFileView.hpp">
      <Filter>Header Files</Filter>
    </ClInclude>
    <ClInclude Include="Runtime\IO\Unicode.hpp">
      <Filter>Header Files</Filter>
    </ClInclude>
    <ClInclude Include="Runtime\Memory\TypedAllocator.hpp">
      <Filter>Header Files</Filter>
    </ClInclude>
    <ClInclude Include="Runtime\Memory\VmAllocatorFileBacked.hpp">
      <Filter>Header Files</Filter>
    </ClInclude>
    <ClInclude Include="Runtime\Memory\VmAllocatorPagefileBacked.hpp">
      <Filter>Header Files</Filter>
    </ClInclude>
    <ClInclude Include="Concepts\Type\Memcpyable.hpp">
      <Filter>Header Files</Filter>
    </ClInclude>
    <ClInclude Include="Library\Container\DynamicArray.hpp">
      <Filter>Header Files</Filter>
    </ClInclude>
    <ClInclude Include="Runtime\Memory\PagedStorage.hpp">
      <Filter>Header Files</Filter>
    </ClInclude>
    <ClInclude Include="Library\Meta\List.hpp">
      <Filter>Header Files</Filter>
    </ClInclude>
    <ClInclude Include="Library\Meta\Set.hpp">
      <Filter>Header Files</Filter>
    </ClInclude>
    <ClInclude Include="Library\Meta\Deduplicate.hpp">
      <Filter>Header Files</Filter>
    </ClInclude>
    <ClInclude Include="Library\Meta\Template.hpp">
      <Filter>Header Files</Filter>
    </ClInclude>
    <ClInclude Include="Entity\EntityDatabase.hpp">
      <Filter>Header Files</Filter>
    </ClInclude>
    <ClInclude Include="Library\Sampling\ReservoirSampler.hpp">
      <Filter>Header Files</Filter>
    </ClInclude>
    <ClInclude Include="Library\Sampling\NBestSampler.hpp">
      <Filter>Header Files</Filter>
    </ClInclude>
    <ClInclude Include="Runtime\Exceptions\ExceptionHeaderCorruption.hpp">
      <Filter>Header Files</Filter>
    </ClInclude>
    <ClInclude Include="Library\Math\Quadratic.hpp">
      <Filter>Header Files</Filter>
    </ClInclude>
    <ClInclude Include="Library\Container\FixedCapacityString.hpp">
      <Filter>Header Files</Filter>
    </ClInclude>
    <ClInclude Include="Runtime\Memory\WeakSingleton.hpp">
      <Filter>Header Files</Filter>
    </ClInclude>
    <ClInclude Include="Library\Memory\Noncopyable.hpp">
      <Filter>Header Files</Filter>
    </ClInclude>
    <ClInclude Include="Library\Utilities\EnumTranslation.hpp">
      <Filter>Header Files</Filter>
    </ClInclude>
    <ClInclude Include="Library\Utilities\String.hpp">
      <Filter>Header Files</Filter>
    </ClInclude>
    <ClInclude Include="Library\Utilities\BitMask.hpp">
      <Filter>Header Files</Filter>
    </ClInclude>
    <ClInclude Include="Library\Utilities\Pointer.hpp">
      <Filter>Header Files</Filter>
    </ClInclude>
    <ClInclude Include="Library\Algorithm\Container.hpp">
      <Filter>Header Files</Filter>
    </ClInclude>
    <ClInclude Include="Library\Memory\RawResource.hpp">
      <Filter>Header Files</Filter>
    </ClInclude>
    <ClInclude Include="Runtime\Service\SimplePlatformService.hpp">
      <Filter>Header Files</Filter>
    </ClInclude>
    <ClInclude Include="Runtime\Service\LazyInitService.hpp">
      <Filter>Header Files</Filter>
    </ClInclude>
    <ClInclude Include="Runtime\Service\SimpleCacheService.hpp">
      <Filter>Header Files</Filter>
    </ClInclude>
    <ClInclude Include="Library\Memory\Nonmovable.hpp">
      <Filter>Header Files</Filter>
    </ClInclude>
    <ClInclude Include="Runtime\Task\Task.hpp">
      <Filter>Header Files</Filter>
    </ClInclude>
    <ClInclude Include="Runtime\Task\TaskExecutor.hpp">
      <Filter>Header Files</Filter>
    </ClInclude>
    <ClInclude Include="Runtime\Service\SimpleService.hpp">
      <Filter>Header Files</Filter>
    </ClInclude>
    <ClInclude Include="Library\Utilities\Variant.hpp">
      <Filter>Header Files</Filter>
    </ClInclude>
    <ClInclude Include="Runtime\Memory\RefCount.hpp">
      <Filter>Header Files</Filter>
    </ClInclude>
    <ClInclude Include="Runtime\File\FilesystemWatcher.hpp">
      <Filter>Header Files</Filter>
    </ClInclude>
    <ClInclude Include="Library\Graph\HeterogeneousGraph.hpp">
      <Filter>Header Files</Filter>
    </ClInclude>
    <ClInclude Include="Library\Memory\MemoryArena.hpp">
      <Filter>Header Files</Filter>
    </ClInclude>
    <ClInclude Include="Library\Memory\Size.hpp">
      <Filter>Header Files</Filter>
    </ClInclude>
    <ClInclude Include="Runtime\Encoding\Unicode.hpp">
      <Filter>Header Files</Filter>
    </ClInclude>
    <ClInclude Include="Runtime\ReturnValue.hpp">
      <Filter>Header Files</Filter>
    </ClInclude>
    <ClInclude Include="Concepts\Type\Types.hpp">
      <Filter>Header Files</Filter>
    </ClInclude>
    <ClInclude Include="Library\Utilities\StringView.hpp">
      <Filter>Header Files</Filter>
    </ClInclude>
    <ClInclude Include="Library\Utilities\ArgumentStorage.hpp">
      <Filter>Header Files</Filter>
    </ClInclude>
    <ClInclude Include="Library\Utilities\Functional.hpp">
      <Filter>Header Files</Filter>
    </ClInclude>
  </ItemGroup>
  <ItemGroup>
    <ClCompile Include="Runtime\File\RegularFile.cpp">
      <Filter>Source Files</Filter>
    </ClCompile>
    <ClCompile Include="Runtime\File\MappedFileView.cpp">
      <Filter>Source Files</Filter>
    </ClCompile>
    <ClCompile Include="Runtime\Memory\VmAllocatorFileBacked.cpp">
      <Filter>Source Files</Filter>
    </ClCompile>
    <ClCompile Include="Runtime\Memory\VmAllocatorPagefileBacked.cpp">
      <Filter>Source Files</Filter>
    </ClCompile>
    <ClCompile Include="Runtime\Encoding\Unicode.cpp">
      <Filter>Source Files</Filter>
    </ClCompile>
    <ClCompile Include="Runtime\Task\TaskExecutor.cpp">
      <Filter>Source Files</Filter>
    </ClCompile>
  </ItemGroup>
  <ItemGroup>
    <Natvis Include="Usagi.natvis" />
  </ItemGroup>
  <ItemGroup>
    <None Include="Export.def">
      <Filter>Source Files</Filter>
    </None>
  </ItemGroup>
</Project>