<?xml version="1.0" encoding="utf-8"?>
<Project ToolsVersion="4.0" xmlns="http://schemas.microsoft.com/developer/msbuild/2003">
  <ItemGroup>
    <Filter Include="Source Files">
      <UniqueIdentifier>{4FC737F1-C7A5-4376-A066-2A32D752A2FF}</UniqueIdentifier>
      <Extensions>cpp;c;cc;cxx;def;odl;idl;hpj;bat;asm;asmx</Extensions>
    </Filter>
    <Filter Include="Header Files">
      <UniqueIdentifier>{93995380-89BD-4b04-88EB-625FBE52EBFB}</UniqueIdentifier>
      <Extensions>h;hh;hpp;hxx;hm;inl;inc;ipp;xsd</Extensions>
    </Filter>
    <Filter Include="Resource Files">
      <UniqueIdentifier>{67DA6AB6-F800-4c08-8B7A-83BB121AAD01}</UniqueIdentifier>
      <Extensions>rc;ico;cur;bmp;dlg;rc2;rct;bin;rgs;gif;jpg;jpeg;jpe;resx;tiff;tif;png;wav;mfcribbon-ms</Extensions>
    </Filter>
  </ItemGroup>
  <ItemGroup>
    <ClInclude Include="Library\Memory\PoolAllocator.hpp">
      <Filter>Header Files</Filter>
    </ClInclude>
    <ClInclude Include="Library\Meta\TypeContainers\TypeTag.hpp">
      <Filter>Header Files</Filter>
    </ClInclude>
    <ClInclude Include="Runtime\ErrorHandling.hpp">
      <Filter>Header Files</Filter>
    </ClInclude>
    <ClInclude Include="Library\Memory\Alignment.hpp">
      <Filter>Header Files</Filter>
    </ClInclude>
    <ClInclude Include="Runtime\Service\Service.hpp">
      <Filter>Header Files</Filter>
    </ClInclude>
    <ClInclude Include="Runtime\Platform\Memory.hpp">
      <Filter>Header Files</Filter>
    </ClInclude>
    <ClInclude Include="Runtime\Files\RegularFile.hpp">
      <Filter>Header Files</Filter>
    </ClInclude>
    <ClInclude Include="Runtime\Platform\File.hpp">
      <Filter>Header Files</Filter>
    </ClInclude>
    <ClInclude Include="Runtime\Memory\View.hpp">
      <Filter>Header Files</Filter>
    </ClInclude>
    <ClInclude Include="Library\Meta\CompileTimeError.hpp">
      <Filter>Header Files</Filter>
    </ClInclude>
    <ClInclude Include="Entity\Archetype.hpp">
      <Filter>Header Files</Filter>
    </ClInclude>
    <ClInclude Include="Database\Component.hpp">
      <Filter>Header Files</Filter>
    </ClInclude>
    <ClInclude Include="Entity\System.hpp">
      <Filter>Header Files</Filter>
    </ClInclude>
    <ClInclude Include="Executor\TaskGraph.hpp">
      <Filter>Header Files</Filter>
    </ClInclude>
    <ClInclude Include="Library\Meta\Containers\Queue.hpp">
      <Filter>Header Files</Filter>
    </ClInclude>
    <ClInclude Include="Library\Meta\Containers\Stack.hpp">
      <Filter>Header Files</Filter>
    </ClInclude>
    <ClInclude Include="Library\Graph\TopologicalSort.hpp">
      <Filter>Header Files</Filter>
    </ClInclude>
    <ClInclude Include="Entity\detail\ComponentAccess.hpp">
      <Filter>Header Files</Filter>
    </ClInclude>
    <ClInclude Include="Entity\detail\ComponentAccessAllowAll.hpp">
      <Filter>Header Files</Filter>
    </ClInclude>
    <ClInclude Include="Entity\detail\ComponentAccessReadOnly.hpp">
      <Filter>Header Files</Filter>
    </ClInclude>
    <ClInclude Include="Entity\detail\ComponentAccessSystemAttribute.hpp">
      <Filter>Header Files</Filter>
    </ClInclude>
    <ClInclude Include="Entity\detail\ComponentFilter.hpp">
      <Filter>Header Files</Filter>
    </ClInclude>
    <ClInclude Include="Entity\detail\EntityDatabaseAccessExternal.hpp">
      <Filter>Header Files</Filter>
    </ClInclude>
    <ClInclude Include="Entity\detail\EntityDatabaseAccessInternal.hpp">
      <Filter>Header Files</Filter>
    </ClInclude>
    <ClInclude Include="Entity\detail\EntityDatabaseViewFiltered.hpp">
      <Filter>Header Files</Filter>
    </ClInclude>
    <ClInclude Include="Entity\detail\EntityDatabaseViewUnfiltered.hpp">
      <Filter>Header Files</Filter>
    </ClInclude>
    <ClInclude Include="Entity\detail\EntityId.hpp">
      <Filter>Header Files</Filter>
    </ClInclude>
    <ClInclude Include="Entity\detail\EntityIterator.hpp">
      <Filter>Header Files</Filter>
    </ClInclude>
    <ClInclude Include="Entity\detail\EntityIteratorFiltered.hpp">
      <Filter>Header Files</Filter>
    </ClInclude>
    <ClInclude Include="Entity\detail\EntityPage.hpp">
      <Filter>Header Files</Filter>
    </ClInclude>
    <ClInclude Include="Entity\detail\EntityPageIterator.hpp">
      <Filter>Header Files</Filter>
    </ClInclude>
    <ClInclude Include="Entity\detail\EntityPageViewFiltered.hpp">
      <Filter>Header Files</Filter>
    </ClInclude>
    <ClInclude Include="Entity\detail\EntityView.hpp">
      <Filter>Header Files</Filter>
    </ClInclude>
    <ClInclude Include="Library\Meta\Tuple.hpp">
      <Filter>Header Files</Filter>
    </ClInclude>
    <ClInclude Include="Executor\detail\CpgValidation.hpp">
      <Filter>Header Files</Filter>
    </ClInclude>
    <ClInclude Include="Executor\detail\SystemAccessTraits.hpp">
      <Filter>Header Files</Filter>
    </ClInclude>
    <ClInclude Include="Concepts\Container\Stack.hpp">
      <Filter>Header Files</Filter>
    </ClInclude>
    <ClInclude Include="Concepts\Allocator\ReallocatableAllocator.hpp">
      <Filter>Header Files</Filter>
    </ClInclude>
    <ClInclude Include="Concepts\Type\Rebindable.hpp">
      <Filter>Header Files</Filter>
    </ClInclude>
    <ClInclude Include="Library\Graph\AdjacencyList.hpp">
      <Filter>Header Files</Filter>
    </ClInclude>
    <ClInclude Include="Library\Graph\IsCyclic.hpp">
      <Filter>Header Files</Filter>
    </ClInclude>
    <ClInclude Include="Library\Graph\TransitiveReduce.hpp">
      <Filter>Header Files</Filter>
    </ClInclude>
    <ClInclude Include="Library\Graph\AdjacencyMatrixFixed.hpp">
      <Filter>Header Files</Filter>
    </ClInclude>
    <ClInclude Include="Library\Graph\ExtractPath.hpp">
      <Filter>Header Files</Filter>
    </ClInclude>
    <ClInclude Include="Library\Graph\FindPath.hpp">
      <Filter>Header Files</Filter>
    </ClInclude>
    <ClInclude Include="Library\Algorithm\Max.hpp">
      <Filter>Header Files</Filter>
    </ClInclude>
    <ClInclude Include="Library\Graph\Degree.hpp">
      <Filter>Header Files</Filter>
    </ClInclude>
    <ClInclude Include="Concepts\Type\Range.hpp">
      <Filter>Header Files</Filter>
    </ClInclude>
    <ClInclude Include="Library\Graph\Level.hpp">
      <Filter>Header Files</Filter>
    </ClInclude>
    <ClInclude Include="Library\Graph\TopologicalSortLexical.hpp">
      <Filter>Header Files</Filter>
    </ClInclude>
    <ClInclude Include="Library\Graph\Graph.hpp">
      <Filter>Header Files</Filter>
    </ClInclude>
    <ClInclude Include="Library\Graph\detail\GraphTraitDynamicSize.hpp">
      <Filter>Header Files</Filter>
    </ClInclude>
    <ClInclude Include="Library\Graph\detail\GraphTraitFixedSize.hpp">
      <Filter>Header Files</Filter>
    </ClInclude>
    <ClInclude Include="Library\Graph\detail\GraphTrait.hpp">
      <Filter>Header Files</Filter>
    </ClInclude>
    <ClInclude Include="Library\Graph\detail\GraphTraitConnectivity.hpp">
      <Filter>Header Files</Filter>
    </ClInclude>
    <ClInclude Include="Library\Container\BinaryHeap.hpp">
      <Filter>Header Files</Filter>
    </ClInclude>
    <ClInclude Include="Library\Meta\Op.hpp">
      <Filter>Header Files</Filter>
    </ClInclude>
    <ClInclude Include="Library\Graph\Traversal.hpp">
      <Filter>Header Files</Filter>
    </ClInclude>
    <ClInclude Include="Library\Algorithm\Pairwise.hpp">
      <Filter>Header Files</Filter>
    </ClInclude>
    <ClInclude Include="Entity\ComponentReflection.hpp">
      <Filter>Header Files</Filter>
    </ClInclude>
    <ClInclude Include="Runtime\Files\MappedFileView.hpp">
      <Filter>Header Files</Filter>
    </ClInclude>
    <ClInclude Include="Runtime\IO\Unicode.hpp">
      <Filter>Header Files</Filter>
    </ClInclude>
    <ClInclude Include="Runtime\Memory\TypedAllocator.hpp">
      <Filter>Header Files</Filter>
    </ClInclude>
    <ClInclude Include="Runtime\Memory\VmAllocatorFileBacked.hpp">
      <Filter>Header Files</Filter>
    </ClInclude>
    <ClInclude Include="Runtime\Memory\VmAllocatorPagefileBacked.hpp">
      <Filter>Header Files</Filter>
    </ClInclude>
    <ClInclude Include="Concepts\Memory\PoolableComponent.hpp">
      <Filter>Header Files</Filter>
    </ClInclude>
    <ClInclude Include="Library\Container\DynamicArray.hpp">
      <Filter>Header Files</Filter>
    </ClInclude>
    <ClInclude Include="Runtime\Memory\PagedStorage.hpp">
      <Filter>Header Files</Filter>
    </ClInclude>
    <ClInclude Include="Library\Meta\ParameterPack\Concatenate.hpp">
      <Filter>Header Files</Filter>
    </ClInclude>
    <ClInclude Include="Library\Meta\TypeContainers\TypeSet.hpp">
      <Filter>Header Files</Filter>
    </ClInclude>
    <ClInclude Include="Library\Meta\ParameterPack\Deduplicate.hpp">
      <Filter>Header Files</Filter>
    </ClInclude>
    <ClInclude Include="Library\Meta\Template.hpp">
      <Filter>Header Files</Filter>
    </ClInclude>
    <ClInclude Include="Entity\EntityDatabase.hpp">
      <Filter>Header Files</Filter>
    </ClInclude>
    <ClInclude Include="Library\Sampling\ReservoirSampler.hpp">
      <Filter>Header Files</Filter>
    </ClInclude>
    <ClInclude Include="Library\Sampling\NBestSampler.hpp">
      <Filter>Header Files</Filter>
    </ClInclude>
    <ClInclude Include="Runtime\Exceptions\ExceptionHeaderCorruption.hpp">
      <Filter>Header Files</Filter>
    </ClInclude>
    <ClInclude Include="Library\Math\Quadratic.hpp">
      <Filter>Header Files</Filter>
    </ClInclude>
    <ClInclude Include="Library\Container\FixedCapacityString.hpp">
      <Filter>Header Files</Filter>
    </ClInclude>
    <ClInclude Include="Library\Memory\Noncopyable.hpp">
      <Filter>Header Files</Filter>
    </ClInclude>
    <ClInclude Include="Library\Utilities\EnumTranslation.hpp">
      <Filter>Header Files</Filter>
    </ClInclude>
    <ClInclude Include="Library\Utilities\String.hpp">
      <Filter>Header Files</Filter>
    </ClInclude>
    <ClInclude Include="Library\Utilities\BitMask.hpp">
      <Filter>Header Files</Filter>
    </ClInclude>
    <ClInclude Include="Library\Utilities\Pointer.hpp">
      <Filter>Header Files</Filter>
    </ClInclude>
    <ClInclude Include="Library\Algorithm\Container.hpp">
      <Filter>Header Files</Filter>
    </ClInclude>
    <ClInclude Include="Runtime\Service\SimplePlatformService.hpp">
      <Filter>Header Files</Filter>
    </ClInclude>
    <ClInclude Include="Runtime\Service\LazyInitService.hpp">
      <Filter>Header Files</Filter>
    </ClInclude>
    <ClInclude Include="Runtime\Service\SimpleCacheService.hpp">
      <Filter>Header Files</Filter>
    </ClInclude>
    <ClInclude Include="Library\Memory\Nonmovable.hpp">
      <Filter>Header Files</Filter>
    </ClInclude>
    <ClInclude Include="Runtime\Task\Task.hpp">
      <Filter>Header Files</Filter>
    </ClInclude>
    <ClInclude Include="Runtime\Task\TaskExecutor.hpp">
      <Filter>Header Files</Filter>
    </ClInclude>
    <ClInclude Include="Runtime\Service\SimpleService.hpp">
      <Filter>Header Files</Filter>
    </ClInclude>
    <ClInclude Include="Library\Utilities\Variant.hpp">
      <Filter>Header Files</Filter>
    </ClInclude>
    <ClInclude Include="Runtime\Memory\RefCount.hpp">
      <Filter>Header Files</Filter>
    </ClInclude>
    <ClInclude Include="Runtime\Files\FilesystemWatcher.hpp">
      <Filter>Header Files</Filter>
    </ClInclude>
    <ClInclude Include="Library\Graph\HeterogeneousGraph.hpp">
      <Filter>Header Files</Filter>
    </ClInclude>
    <ClInclude Include="Library\Memory\MemoryArena.hpp">
      <Filter>Header Files</Filter>
    </ClInclude>
    <ClInclude Include="Library\Memory\Size.hpp">
      <Filter>Header Files</Filter>
    </ClInclude>
    <ClInclude Include="Runtime\Encoding\Unicode.hpp">
      <Filter>Header Files</Filter>
    </ClInclude>
    <ClInclude Include="Runtime\ReturnValue.hpp">
      <Filter>Header Files</Filter>
    </ClInclude>
    <ClInclude Include="Concepts\Type\Types.hpp">
      <Filter>Header Files</Filter>
    </ClInclude>
    <ClInclude Include="Library\Utilities\ByteView.hpp">
      <Filter>Header Files</Filter>
    </ClInclude>
    <ClInclude Include="Library\Utilities\ArgumentStorage.hpp">
      <Filter>Header Files</Filter>
    </ClInclude>
    <ClInclude Include="Library\Utilities\Functional.hpp">
      <Filter>Header Files</Filter>
    </ClInclude>
    <ClInclude Include="Library\Utilities\TransparentlyComparable.hpp">
      <Filter>Header Files</Filter>
    </ClInclude>
    <ClInclude Include="Library\Meta\NamedArgument.hpp">
      <Filter>Header Files</Filter>
    </ClInclude>
    <ClInclude Include="Library\Meta\StringLiteral.hpp">
      <Filter>Header Files</Filter>
    </ClInclude>
    <ClInclude Include="Runtime\Service\ServiceAccess.hpp">
      <Filter>Header Files</Filter>
    </ClInclude>
    <ClInclude Include="Runtime\Memory\Allocators\BitmapAllocator.hpp">
      <Filter>Header Files</Filter>
    </ClInclude>
    <ClInclude Include="Runtime\Memory\Allocators\CircularAllocator.hpp">
      <Filter>Header Files</Filter>
    </ClInclude>
    <ClInclude Include="Library\Memory\Arithmetic.hpp">
      <Filter>Header Files</Filter>
    </ClInclude>
    <ClInclude Include="Library\Utilities\MaybeOwnedString.hpp">
      <Filter>Header Files</Filter>
    </ClInclude>
    <ClInclude Include="Runtime\Memory\StructuredStorage.hpp">
      <Filter>Header Files</Filter>
    </ClInclude>
    <ClInclude Include="Entity\ComponentQueryFilter.hpp">
      <Filter>Header Files</Filter>
    </ClInclude>
    <ClInclude Include="Library\Meta\ParameterPack\CollectInnerLists.hpp">
      <Filter>Header Files</Filter>
    </ClInclude>
    <ClInclude Include="Library\Meta\TypeContainers\TypeList.hpp">
      <Filter>Header Files</Filter>
    </ClInclude>
    <ClInclude Include="Entity\Utilities.hpp">
      <Filter>Header Files</Filter>
    </ClInclude>
    <ClInclude Include="Entity\detail\Declarations.hpp">
      <Filter>Header Files</Filter>
    </ClInclude>
    <ClInclude Include=".stash\ComponentAccess.hpp">
      <Filter>Header Files</Filter>
    </ClInclude>
    <ClInclude Include="Entity\Systems\SystemComponentAccessDeduction.hpp">
      <Filter>Header Files</Filter>
    </ClInclude>
    <ClInclude Include="Database\Components\ComponentAccessLevel.hpp">
      <Filter>Header Files</Filter>
    </ClInclude>
    <ClInclude Include="Database\Components\ComponentAccessDeduction.hpp">
      <Filter>Header Files</Filter>
    </ClInclude>
    <ClInclude Include="Database\Components\ComponentQueryArgument.hpp">
      <Filter>Header Files</Filter>
    </ClInclude>
    <ClInclude Include="Database\Components\ComponentPresence.hpp">
      <Filter>Header Files</Filter>
    </ClInclude>
    <ClInclude Include="Library\Utilities\Tuple.hpp">
      <Filter>Header Files</Filter>
    </ClInclude>
    <ClInclude Include="Database\Components\ComponentMemoryAccessType.hpp">
      <Filter>Header Files</Filter>
    </ClInclude>
    <ClInclude Include=".stash\ComponentList.hpp">
      <Filter>Header Files</Filter>
    </ClInclude>
    <ClInclude Include="Entity\Entities\Queries\EntityQuery.hpp">
      <Filter>Header Files</Filter>
    </ClInclude>
    <ClInclude Include="Library\Utilities\Types.hpp">
      <Filter>Header Files</Filter>
    </ClInclude>
    <ClInclude Include="Library\Meta\ParameterPack\Deduplicate2.hpp">
      <Filter>Header Files</Filter>
    </ClInclude>
    <ClInclude Include="Library\Meta\Types\Deduplicate.hpp">
      <Filter>Header Files</Filter>
    </ClInclude>
    <ClInclude Include="Library\Meta\Types\List\TypeList.hpp">
      <Filter>Header Files</Filter>
    </ClInclude>
    <ClInclude Include="Library\Meta\Types\List\Concatenate.hpp">
      <Filter>Header Files</Filter>
    </ClInclude>
    <ClInclude Include="Library\Meta\Types\Functional.hpp">
      <Filter>Header Files</Filter>
    </ClInclude>
    <ClInclude Include="Library\Meta\Strings\Misc.hpp">
      <Filter>Header Files</Filter>
    </ClInclude>
    <ClInclude Include="Entity\Components\ComponentList.hpp">
      <Filter>Header Files</Filter>
    </ClInclude>
    <ClInclude Include="Library\Meta\Concepts\Functional.hpp">
      <Filter>Header Files</Filter>
    </ClInclude>
    <ClInclude Include="Library\Meta\Functional.hpp">
      <Filter>Header Files</Filter>
    </ClInclude>
    <ClInclude Include="Library\Meta\Types\TypeTag.hpp">
      <Filter>Header Files</Filter>
    </ClInclude>
    <ClInclude Include="v2\Database\Entities\EntityInsertionPolicies.hpp">
      <Filter>Header Files</Filter>
    </ClInclude>
    <ClInclude Include="v2\Database\Entities\EntityId.hpp">
      <Filter>Header Files</Filter>
    </ClInclude>
    <ClInclude Include="v2\Database\Entities\PagedAllocator.hpp">
      <Filter>Header Files</Filter>
    </ClInclude>
    <ClInclude Include="Runtime\Memory\Allocators\AbstractAllocator.hpp">
      <Filter>Header Files</Filter>
    </ClInclude>
    <ClInclude Include="Runtime\Files\concepts.hpp">
      <Filter>Header Files</Filter>
    </ClInclude>
    <ClInclude Include="Library\Std\spanstream.hpp">
      <Filter>Header Files</Filter>
    </ClInclude>
    <ClInclude Include="Library\Values\MaybeError.hpp">
      <Filter>Header Files</Filter>
    </ClInclude>
    <ClInclude Include="Runtime\Exceptions\Exceptions.hpp">
      <Filter>Header Files</Filter>
    </ClInclude>
    <ClInclude Include="Runtime\Memory\Backends\MemoryMappedStorage.hpp">
      <Filter>Header Files</Filter>
    </ClInclude>
    <ClInclude Include="Runtime\Memory\Backends\MemoryMappingResult.hpp">
      <Filter>Header Files</Filter>
    </ClInclude>
    <ClInclude Include="Runtime\Memory\Backends\PersistableStorage.hpp">
      <Filter>Header Files</Filter>
    </ClInclude>
    <ClInclude Include="Runtime\Memory\Backends\PersistableStorageType.hpp">
      <Filter>Header Files</Filter>
    </ClInclude>
    <ClInclude Include="Runtime\Memory\Backends\PersistableStorageTypes.hpp">
      <Filter>Header Files</Filter>
    </ClInclude>
    <ClInclude Include="Runtime\Memory\Objects\WeakSingleton.hpp">
      <Filter>Header Files</Filter>
    </ClInclude>
    <ClInclude Include="Runtime\Platform\FileError.hpp">
      <Filter>Header Files</Filter>
    </ClInclude>
    <ClInclude Include="Runtime\Platform\FileErrorCodes.hpp">
      <Filter>Header Files</Filter>
    </ClInclude>
    <ClInclude Include="Runtime\Platform\MemoryError.hpp">
      <Filter>Header Files</Filter>
    </ClInclude>
    <ClInclude Include="Runtime\Platform\MemoryErrorCodes.hpp">
      <Filter>Header Files</Filter>
    </ClInclude>
    <ClInclude Include="Runtime\Platform\PermissionErrorCodes.hpp">
      <Filter>Header Files</Filter>
    </ClInclude>
    <ClInclude Include="Runtime\Platform\SecurityError.hpp">
      <Filter>Header Files</Filter>
    </ClInclude>
    <ClInclude Include="Runtime\Platform\SecurityErrorCodes.hpp">
      <Filter>Header Files</Filter>
    </ClInclude>
    <ClInclude Include="Runtime\RAII\RawHandleResource.hpp">
      <Filter>Header Files</Filter>
    </ClInclude>
    <ClInclude Include="Runtime\RAII\ScopeExitGuard.hpp">
      <Filter>Header Files</Filter>
    </ClInclude>
    <ClInclude Include="Runtime\RAII\UnmanagedResource.hpp">
      <Filter>Header Files</Filter>
    </ClInclude>
    <ClInclude Include="Runtime\Services\ServiceProvider.hpp">
      <Filter>Header Files</Filter>
    </ClInclude>
    <ClInclude Include="Runtime\Services\ServiceProviderErrorCodes.hpp">
      <Filter>Header Files</Filter>
    </ClInclude>
    <ClInclude Include="Library\Meta\Reflection\Enums.hpp">
      <Filter>Header Files</Filter>
    </ClInclude>
    <ClInclude Include="Library\Meta\Reflection\Values.hpp">
      <Filter>Header Files</Filter>
    </ClInclude>
    <ClInclude Include="Library\Values\Optional.hpp">
      <Filter>Header Files</Filter>
    </ClInclude>
    <ClInclude Include="Runtime\RAII\Exceptions.hpp">
      <Filter>Header Files</Filter>
    </ClInclude>
    <ClInclude Include="Library\Meta\Reflection\StaticReflection.hpp">
      <Filter>Header Files</Filter>
    </ClInclude>
    <ClInclude Include="Library\Meta\Functional\Callables.hpp">
      <Filter>Header Files</Filter>
    </ClInclude>
    <ClInclude Include="Library\Meta\Functional\Currying.hpp">
      <Filter>Header Files</Filter>
    </ClInclude>
    <ClInclude Include="Library\Meta\Functional\Transform.hpp">
      <Filter>Header Files</Filter>
    </ClInclude>
    <ClInclude Include="Library\Meta\Reflection\Callables.hpp">
      <Filter>Header Files</Filter>
    </ClInclude>
    <ClInclude Include="Library\Meta\Reflection\Classes_.hpp">
      <Filter>Header Files</Filter>
    </ClInclude>
    <ClInclude Include="Library\Meta\Reflection\Closures.hpp">
      <Filter>Header Files</Filter>
    </ClInclude>
    <ClInclude Include="Library\Meta\Reflection\Flags.hpp">
      <Filter>Header Files</Filter>
    </ClInclude>
    <ClInclude Include="Library\Meta\Reflection\Members.hpp">
      <Filter>Header Files</Filter>
    </ClInclude>
    <ClInclude Include="Library\Meta\Reflection\Traits.hpp">
      <Filter>Header Files</Filter>
    </ClInclude>
    <ClInclude Include="Library\Meta\Self.hpp">
      <Filter>Header Files</Filter>
    </ClInclude>
    <ClInclude Include="Library\Meta\Types\Traits.hpp">
      <Filter>Header Files</Filter>
    </ClInclude>
    <ClInclude Include="Library\Meta\Values\Constness.hpp">
      <Filter>Header Files</Filter>
    </ClInclude>
    <ClInclude Include="Runtime\RAII\ResourceErrorCodes.hpp">
      <Filter>Header Files</Filter>
    </ClInclude>
    <ClInclude Include="Runtime\Services\Exceptions.hpp">
      <Filter>Header Files</Filter>
    </ClInclude>
    <ClInclude Include="Runtime\Services\SimpleServiceProvider.hpp">
      <Filter>Header Files</Filter>
    </ClInclude>
    <ClInclude Include="Library\Meta\Reflection\details\UnaryPredicates.hpp">
      <Filter>Header Files</Filter>
    </ClInclude>
    <ClInclude Include="Library\Meta\Reflection\details\PredicateEvaluation.hpp">
      <Filter>Header Files</Filter>
    </ClInclude>
    <ClInclude Include="Library\Meta\Reflection\details\Predicates.hpp">
      <Filter>Header Files</Filter>
    </ClInclude>
    <ClInclude Include="Runtime\Serialization\ErrorCodes.hpp">
      <Filter>Header Files</Filter>
    </ClInclude>
    <ClInclude Include="Runtime\Memory\Safety\MemorySafety.hpp">
      <Filter>Header Files</Filter>
    </ClInclude>
    <ClInclude Include="Runtime\Memory\Safety\MemoryAccessErrorCodes.hpp">
      <Filter>Header Files</Filter>
    </ClInclude>
    <ClInclude Include="Runtime\Strings\VariadicFormat.hpp">
      <Filter>Header Files</Filter>
    </ClInclude>
    <ClInclude Include="Library\Meta\Reflection\Classes.hpp">
      <Filter>Header Files</Filter>
    </ClInclude>
    <ClInclude Include="Runtime\Memory\Safety\MagicNumberMixin.hpp">
      <Filter>Header Files</Filter>
    </ClInclude>
    <ClInclude Include="Library\Meta\Reflection\Types.hpp">
      <Filter>Header Files</Filter>
    </ClInclude>
    <ClInclude Include="Runtime\Services\Services.hpp">
      <Filter>Header Files</Filter>
    </ClInclude>
    <ClInclude Include="Library\Meta\Reflection\Statics.hpp">
      <Filter>Header Files</Filter>
    </ClInclude>
    <ClInclude Include="Library\Memory\Construction.hpp">
      <Filter>Header Files</Filter>
    </ClInclude>
    <ClInclude Include="Library\Meta\Values\References.hpp">
      <Filter>Header Files</Filter>
    </ClInclude>
    <ClInclude Include="Library\Meta\Values\Nothing.hpp">
      <Filter>Header Files</Filter>
    </ClInclude>
  </ItemGroup>
  <ItemGroup>
    <ClCompile Include="Runtime\Files\RegularFile.cpp">
      <Filter>Source Files</Filter>
    </ClCompile>
    <ClCompile Include="Runtime\Files\MappedFileView.cpp">
      <Filter>Source Files</Filter>
    </ClCompile>
    <ClCompile Include="Runtime\Encoding\Unicode.cpp">
      <Filter>Source Files</Filter>
    </ClCompile>
    <ClCompile Include="Runtime\Task\TaskExecutor.cpp">
      <Filter>Source Files</Filter>
    </ClCompile>
    <ClCompile Include="Runtime\Memory\Allocators\BitmapAllocator.cpp">
      <Filter>Source Files</Filter>
    </ClCompile>
    <ClCompile Include="Runtime\Memory\Allocators\CircularAllocator.cpp">
      <Filter>Source Files</Filter>
    </ClCompile>
    <ClCompile Include="Library\Utilities\MaybeOwnedString.cpp">
      <Filter>Source Files</Filter>
    </ClCompile>
    <ClCompile Include="Library\Meta\test.cpp">
      <Filter>Source Files</Filter>
    </ClCompile>
    <ClCompile Include="test_.cpp">
      <Filter>Source Files</Filter>
    </ClCompile>
    <ClCompile Include="Runtime\Services\SimpleServiceProvider.cpp">
      <Filter>Source Files</Filter>
    </ClCompile>
    <ClCompile Include="Runtime\Memory\Safety\MemorySafety.cpp">
      <Filter>Source Files</Filter>
    </ClCompile>
    <ClCompile Include="Runtime\Strings\VariadicFormat.cpp">
      <Filter>Source Files</Filter>
    </ClCompile>
  </ItemGroup>
  <ItemGroup>
    <Natvis Include="Usagi.natvis" />
  </ItemGroup>
  <ItemGroup>
    <None Include="Export.def">
      <Filter>Source Files</Filter>
    </None>
    <None Include="vcpkg.json" />
  </ItemGroup>
</Project>