
Microsoft Visual Studio Solution File, Format Version 12.00
# Visual Studio 15
VisualStudioVersion = 15.0.26430.6
MinimumVisualStudioVersion = 10.0.40219.1
Project("{8BC9CEB8-8B4A-11D0-8D11-00A0C91BC942}") = "Redirection", "Redirection\Redirection.vcxproj", "{DF56A7E9-8C1A-4A9B-BD87-DBFB645244CD}"
EndProject
Project("{8BC9CEB8-8B4A-11D0-8D11-00A0C91BC942}") = "Renderer", "Renderer\Renderer.vcxproj", "{BC794C65-B9DB-4496-A49C-15414419D39C}"
EndProject
Project("{8BC9CEB8-8B4A-11D0-8D11-00A0C91BC942}") = "Graph", "Graph\Graph.vcxproj", "{01D57616-064E-4919-A5DD-EAE2175AA90F}"
EndProject
Project("{8BC9CEB8-8B4A-11D0-8D11-00A0C91BC942}") = "Serialization", "Serialization\Serialization.vcxproj", "{1709C9F1-31F0-4CDD-BA90-8623D630CE9B}"
EndProject
Project("{8BC9CEB8-8B4A-11D0-8D11-00A0C91BC942}") = "Meta", "Meta\Meta.vcxproj", "{12798730-63A5-4D88-B24D-A2CFBFF421E4}"
EndProject
Project("{8BC9CEB8-8B4A-11D0-8D11-00A0C91BC942}") = "Preprocessor", "Preprocessor\Preprocessor.vcxproj", "{6A22B65F-BDBF-491D-988E-11019A427E5F}"
EndProject
Project("{8BC9CEB8-8B4A-11D0-8D11-00A0C91BC942}") = "Reflection", "Reflection\Reflection.vcxproj", "{6DEFA12B-A5C5-4481-A200-3FFE04914B95}"
EndProject
Project("{8BC9CEB8-8B4A-11D0-8D11-00A0C91BC942}") = "Tests", "Tests\Tests.vcxproj", "{7654D3DE-FA34-4048-9EB2-3B23BDBB66A1}"
	ProjectSection(ProjectDependencies) = postProject
		{6DEFA12B-A5C5-4481-A200-3FFE04914B95} = {6DEFA12B-A5C5-4481-A200-3FFE04914B95}
		{12798730-63A5-4D88-B24D-A2CFBFF421E4} = {12798730-63A5-4D88-B24D-A2CFBFF421E4}
		{6A22B65F-BDBF-491D-988E-11019A427E5F} = {6A22B65F-BDBF-491D-988E-11019A427E5F}
		{1709C9F1-31F0-4CDD-BA90-8623D630CE9B} = {1709C9F1-31F0-4CDD-BA90-8623D630CE9B}
	EndProjectSection
EndProject
Global
	GlobalSection(SolutionConfigurationPlatforms) = preSolution
		Debug|x64 = Debug|x64
		Debug|x86 = Debug|x86
		Release|x64 = Release|x64
		Release|x86 = Release|x86
	EndGlobalSection
	GlobalSection(ProjectConfigurationPlatforms) = postSolution
		{DF56A7E9-8C1A-4A9B-BD87-DBFB645244CD}.Debug|x64.ActiveCfg = Debug|x64
		{DF56A7E9-8C1A-4A9B-BD87-DBFB645244CD}.Debug|x64.Build.0 = Debug|x64
		{DF56A7E9-8C1A-4A9B-BD87-DBFB645244CD}.Debug|x86.ActiveCfg = Debug|x64
		{DF56A7E9-8C1A-4A9B-BD87-DBFB645244CD}.Release|x64.ActiveCfg = Release|x64
		{DF56A7E9-8C1A-4A9B-BD87-DBFB645244CD}.Release|x64.Build.0 = Release|x64
		{DF56A7E9-8C1A-4A9B-BD87-DBFB645244CD}.Release|x86.ActiveCfg = Release|x64
		{BC794C65-B9DB-4496-A49C-15414419D39C}.Debug|x64.ActiveCfg = Debug|x64
		{BC794C65-B9DB-4496-A49C-15414419D39C}.Debug|x64.Build.0 = Debug|x64
		{BC794C65-B9DB-4496-A49C-15414419D39C}.Debug|x86.ActiveCfg = Debug|Win32
		{BC794C65-B9DB-4496-A49C-15414419D39C}.Debug|x86.Build.0 = Debug|Win32
		{BC794C65-B9DB-4496-A49C-15414419D39C}.Release|x64.ActiveCfg = Release|x64
		{BC794C65-B9DB-4496-A49C-15414419D39C}.Release|x64.Build.0 = Release|x64
		{BC794C65-B9DB-4496-A49C-15414419D39C}.Release|x86.ActiveCfg = Release|Win32
		{BC794C65-B9DB-4496-A49C-15414419D39C}.Release|x86.Build.0 = Release|Win32
		{01D57616-064E-4919-A5DD-EAE2175AA90F}.Debug|x64.ActiveCfg = Debug|x64
		{01D57616-064E-4919-A5DD-EAE2175AA90F}.Debug|x64.Build.0 = Debug|x64
		{01D57616-064E-4919-A5DD-EAE2175AA90F}.Debug|x86.ActiveCfg = Debug|Win32
		{01D57616-064E-4919-A5DD-EAE2175AA90F}.Debug|x86.Build.0 = Debug|Win32
		{01D57616-064E-4919-A5DD-EAE2175AA90F}.Release|x64.ActiveCfg = Release|x64
		{01D57616-064E-4919-A5DD-EAE2175AA90F}.Release|x64.Build.0 = Release|x64
		{01D57616-064E-4919-A5DD-EAE2175AA90F}.Release|x86.ActiveCfg = Release|Win32
		{01D57616-064E-4919-A5DD-EAE2175AA90F}.Release|x86.Build.0 = Release|Win32
		{1709C9F1-31F0-4CDD-BA90-8623D630CE9B}.Debug|x64.ActiveCfg = Debug|x64
		{1709C9F1-31F0-4CDD-BA90-8623D630CE9B}.Debug|x64.Build.0 = Debug|x64
		{1709C9F1-31F0-4CDD-BA90-8623D630CE9B}.Debug|x86.ActiveCfg = Debug|Win32
		{1709C9F1-31F0-4CDD-BA90-8623D630CE9B}.Debug|x86.Build.0 = Debug|Win32
		{1709C9F1-31F0-4CDD-BA90-8623D630CE9B}.Release|x64.ActiveCfg = Release|x64
		{1709C9F1-31F0-4CDD-BA90-8623D630CE9B}.Release|x64.Build.0 = Release|x64
		{1709C9F1-31F0-4CDD-BA90-8623D630CE9B}.Release|x86.ActiveCfg = Release|Win32
		{1709C9F1-31F0-4CDD-BA90-8623D630CE9B}.Release|x86.Build.0 = Release|Win32
		{12798730-63A5-4D88-B24D-A2CFBFF421E4}.Debug|x64.ActiveCfg = Debug|x64
		{12798730-63A5-4D88-B24D-A2CFBFF421E4}.Debug|x64.Build.0 = Debug|x64
		{12798730-63A5-4D88-B24D-A2CFBFF421E4}.Debug|x86.ActiveCfg = Debug|Win32
		{12798730-63A5-4D88-B24D-A2CFBFF421E4}.Debug|x86.Build.0 = Debug|Win32
		{12798730-63A5-4D88-B24D-A2CFBFF421E4}.Release|x64.ActiveCfg = Release|x64
		{12798730-63A5-4D88-B24D-A2CFBFF421E4}.Release|x64.Build.0 = Release|x64
		{12798730-63A5-4D88-B24D-A2CFBFF421E4}.Release|x86.ActiveCfg = Release|Win32
		{12798730-63A5-4D88-B24D-A2CFBFF421E4}.Release|x86.Build.0 = Release|Win32
		{6A22B65F-BDBF-491D-988E-11019A427E5F}.Debug|x64.ActiveCfg = Debug|x64
		{6A22B65F-BDBF-491D-988E-11019A427E5F}.Debug|x64.Build.0 = Debug|x64
		{6A22B65F-BDBF-491D-988E-11019A427E5F}.Debug|x86.ActiveCfg = Debug|Win32
		{6A22B65F-BDBF-491D-988E-11019A427E5F}.Debug|x86.Build.0 = Debug|Win32
		{6A22B65F-BDBF-491D-988E-11019A427E5F}.Release|x64.ActiveCfg = Release|x64
		{6A22B65F-BDBF-491D-988E-11019A427E5F}.Release|x64.Build.0 = Release|x64
		{6A22B65F-BDBF-491D-988E-11019A427E5F}.Release|x86.ActiveCfg = Release|Win32
		{6A22B65F-BDBF-491D-988E-11019A427E5F}.Release|x86.Build.0 = Release|Win32
		{6DEFA12B-A5C5-4481-A200-3FFE04914B95}.Debug|x64.ActiveCfg = Debug|x64
		{6DEFA12B-A5C5-4481-A200-3FFE04914B95}.Debug|x64.Build.0 = Debug|x64
		{6DEFA12B-A5C5-4481-A200-3FFE04914B95}.Debug|x86.ActiveCfg = Debug|Win32
		{6DEFA12B-A5C5-4481-A200-3FFE04914B95}.Debug|x86.Build.0 = Debug|Win32
		{6DEFA12B-A5C5-4481-A200-3FFE04914B95}.Release|x64.ActiveCfg = Release|x64
		{6DEFA12B-A5C5-4481-A200-3FFE04914B95}.Release|x64.Build.0 = Release|x64
		{6DEFA12B-A5C5-4481-A200-3FFE04914B95}.Release|x86.ActiveCfg = Release|Win32
		{6DEFA12B-A5C5-4481-A200-3FFE04914B95}.Release|x86.Build.0 = Release|Win32
		{7654D3DE-FA34-4048-9EB2-3B23BDBB66A1}.Debug|x64.ActiveCfg = Debug|x64
		{7654D3DE-FA34-4048-9EB2-3B23BDBB66A1}.Debug|x64.Build.0 = Debug|x64
		{7654D3DE-FA34-4048-9EB2-3B23BDBB66A1}.Debug|x86.ActiveCfg = Debug|Win32
		{7654D3DE-FA34-4048-9EB2-3B23BDBB66A1}.Debug|x86.Build.0 = Debug|Win32
		{7654D3DE-FA34-4048-9EB2-3B23BDBB66A1}.Release|x64.ActiveCfg = Release|x64
		{7654D3DE-FA34-4048-9EB2-3B23BDBB66A1}.Release|x64.Build.0 = Release|x64
		{7654D3DE-FA34-4048-9EB2-3B23BDBB66A1}.Release|x86.ActiveCfg = Release|Win32
		{7654D3DE-FA34-4048-9EB2-3B23BDBB66A1}.Release|x86.Build.0 = Release|Win32
	EndGlobalSection
	GlobalSection(SolutionProperties) = preSolution
		HideSolutionNode = FALSE
	EndGlobalSection
EndGlobal
