<?xml version="1.0" encoding="utf-8"?>
<Project ToolsVersion="4.0" xmlns="http://schemas.microsoft.com/developer/msbuild/2003">
  <ItemGroup>
    <Filter Include="Source Files">
      <UniqueIdentifier>{4FC737F1-C7A5-4376-A066-2A32D752A2FF}</UniqueIdentifier>
      <Extensions>cpp;c;cc;cxx;def;odl;idl;hpj;bat;asm;asmx</Extensions>
    </Filter>
    <Filter Include="Header Files">
      <UniqueIdentifier>{93995380-89BD-4b04-88EB-625FBE52EBFB}</UniqueIdentifier>
      <Extensions>h;hh;hpp;hxx;hm;inl;inc;ipp;xsd</Extensions>
    </Filter>
    <Filter Include="Resource Files">
      <UniqueIdentifier>{67DA6AB6-F800-4c08-8B7A-83BB121AAD01}</UniqueIdentifier>
      <Extensions>rc;ico;cur;bmp;dlg;rc2;rct;bin;rgs;gif;jpg;jpeg;jpe;resx;tiff;tif;png;wav;mfcribbon-ms</Extensions>
    </Filter>
  </ItemGroup>
  <ItemGroup>
    <ClInclude Include="Game\_detail\ComponentAccess.hpp">
      <Filter>Header Files</Filter>
    </ClInclude>
    <ClInclude Include="Game\_detail\ComponentAccessAllowAll.hpp">
      <Filter>Header Files</Filter>
    </ClInclude>
    <ClInclude Include="Game\_detail\ComponentAccessReadOnly.hpp">
      <Filter>Header Files</Filter>
    </ClInclude>
    <ClInclude Include="Game\_detail\ComponentAccessSystemAttribute.hpp">
      <Filter>Header Files</Filter>
    </ClInclude>
    <ClInclude Include="Game\_detail\ComponentFilter.hpp">
      <Filter>Header Files</Filter>
    </ClInclude>
    <ClInclude Include="Game\_detail\EntityDatabaseAccessExternal.hpp">
      <Filter>Header Files</Filter>
    </ClInclude>
    <ClInclude Include="Game\_detail\EntityDatabaseAccessInternal.hpp">
      <Filter>Header Files</Filter>
    </ClInclude>
    <ClInclude Include="Game\_detail\EntityDatabaseViewFiltered.hpp">
      <Filter>Header Files</Filter>
    </ClInclude>
    <ClInclude Include="Game\_detail\EntityDatabaseViewUnfiltered.hpp">
      <Filter>Header Files</Filter>
    </ClInclude>
    <ClInclude Include="Game\_detail\EntityId.hpp">
      <Filter>Header Files</Filter>
    </ClInclude>
    <ClInclude Include="Game\_detail\EntityIterator.hpp">
      <Filter>Header Files</Filter>
    </ClInclude>
    <ClInclude Include="Game\_detail\EntityIteratorFiltered.hpp">
      <Filter>Header Files</Filter>
    </ClInclude>
    <ClInclude Include="Game\_detail\EntityPage.hpp">
      <Filter>Header Files</Filter>
    </ClInclude>
    <ClInclude Include="Game\_detail\EntityPageIterator.hpp">
      <Filter>Header Files</Filter>
    </ClInclude>
    <ClInclude Include="Game\_detail\EntityPageViewFiltered.hpp">
      <Filter>Header Files</Filter>
    </ClInclude>
    <ClInclude Include="Game\_detail\EntityView.hpp">
      <Filter>Header Files</Filter>
    </ClInclude>
    <ClInclude Include="Game\Database\EntityDatabase.hpp">
      <Filter>Header Files</Filter>
    </ClInclude>
    <ClInclude Include="Game\Entity\Archetype.hpp">
      <Filter>Header Files</Filter>
    </ClInclude>
    <ClInclude Include="Game\Entity\Component.hpp">
      <Filter>Header Files</Filter>
    </ClInclude>
    <ClInclude Include="Game\Concepts.hpp">
      <Filter>Header Files</Filter>
    </ClInclude>
    <ClInclude Include="Game\System.hpp">
      <Filter>Header Files</Filter>
    </ClInclude>
    <ClInclude Include="Library\Concept\ReallocatableAllocator.hpp">
      <Filter>Header Files</Filter>
    </ClInclude>
    <ClInclude Include="Library\Concept\Rebindable.hpp">
      <Filter>Header Files</Filter>
    </ClInclude>
    <ClInclude Include="Library\Container\DynamicArray.hpp">
      <Filter>Header Files</Filter>
    </ClInclude>
    <ClInclude Include="Library\Memory\PoolAllocator.hpp">
      <Filter>Header Files</Filter>
    </ClInclude>
    <ClInclude Include="Library\Memory\SpinLock.hpp">
      <Filter>Header Files</Filter>
    </ClInclude>
    <ClInclude Include="Library\Meta\Tag.hpp">
      <Filter>Header Files</Filter>
    </ClInclude>
    <ClInclude Include="Runtime\Memory\VirtualMemoryAllocator.hpp">
      <Filter>Header Files</Filter>
    </ClInclude>
    <ClInclude Include="Runtime\Platform\Kernel.hpp">
      <Filter>Header Files</Filter>
    </ClInclude>
    <ClInclude Include="Runtime\ErrorHandling.hpp">
      <Filter>Header Files</Filter>
    </ClInclude>
    <ClInclude Include="Library\Math\Rounding.hpp">
      <Filter>Header Files</Filter>
    </ClInclude>
  </ItemGroup>
  <ItemGroup>
    <ClCompile Include="Game\_test\StaticTestComponentAccess.cpp">
      <Filter>Source Files</Filter>
    </ClCompile>
    <ClCompile Include="Game\_test\StaticTestComponentConcept.cpp">
      <Filter>Source Files</Filter>
    </ClCompile>
    <ClCompile Include="Game\_test\StaticTestDatabaseAccess.cpp">
      <Filter>Source Files</Filter>
    </ClCompile>
    <ClCompile Include="Runtime\Memory\VirtualMemoryAllocator.cpp">
      <Filter>Source Files</Filter>
    </ClCompile>
  </ItemGroup>
</Project>