<?xml version="1.0" encoding="utf-8"?>
<Project ToolsVersion="4.0" xmlns="http://schemas.microsoft.com/developer/msbuild/2003">
  <ItemGroup>
    <Filter Include="Source Files">
      <UniqueIdentifier>{4FC737F1-C7A5-4376-A066-2A32D752A2FF}</UniqueIdentifier>
      <Extensions>cpp;c;cc;cxx;def;odl;idl;hpj;bat;asm;asmx</Extensions>
    </Filter>
    <Filter Include="Header Files">
      <UniqueIdentifier>{93995380-89BD-4b04-88EB-625FBE52EBFB}</UniqueIdentifier>
      <Extensions>h;hh;hpp;hxx;hm;inl;inc;xsd</Extensions>
    </Filter>
    <Filter Include="Resource Files">
      <UniqueIdentifier>{67DA6AB6-F800-4c08-8B7A-83BB121AAD01}</UniqueIdentifier>
      <Extensions>rc;ico;cur;bmp;dlg;rc2;rct;bin;rgs;gif;jpg;jpeg;jpe;resx;tiff;tif;png;wav;mfcribbon-ms</Extensions>
    </Filter>
  </ItemGroup>
  <ItemGroup>
    <ClInclude Include="Core\Types.hpp">
      <Filter>Header Files</Filter>
    </ClInclude>
    <ClInclude Include="Core\Spectrum\CommonRGBColor.hpp">
      <Filter>Header Files</Filter>
    </ClInclude>
    <ClInclude Include="Core\Spectrum\RGBSpectrum.hpp">
      <Filter>Header Files</Filter>
    </ClInclude>
    <ClInclude Include="Core\Spectrum\Spectrum.hpp">
      <Filter>Header Files</Filter>
    </ClInclude>
    <ClInclude Include="Utility\String.hpp">
      <Filter>Header Files</Filter>
    </ClInclude>
    <ClInclude Include="Runtime\Window\Win32Window.hpp">
      <Filter>Header Files</Filter>
    </ClInclude>
    <ClInclude Include="Runtime\Window\Window.hpp">
      <Filter>Header Files</Filter>
    </ClInclude>
    <ClInclude Include="Utility\Exception.hpp">
      <Filter>Header Files</Filter>
    </ClInclude>
    <ClInclude Include="Filesystem\Filesystem.hpp">
      <Filter>Header Files</Filter>
    </ClInclude>
    <ClInclude Include="Extension\GTA\GTA3IMGv2Filesystem.hpp">
      <Filter>Header Files</Filter>
    </ClInclude>
    <ClInclude Include="Renderer\Renderer.hpp">
      <Filter>Header Files</Filter>
    </ClInclude>
    <ClInclude Include="World\Geometry\Geometry.hpp">
      <Filter>Header Files</Filter>
    </ClInclude>
    <ClInclude Include="Runtime\GraphicsDevice\OpenGL\Context\OpenGLContext.hpp">
      <Filter>Header Files</Filter>
    </ClInclude>
    <ClInclude Include="Runtime\GraphicsDevice\OpenGL\Context\WGLContext.hpp">
      <Filter>Header Files</Filter>
    </ClInclude>
    <ClInclude Include="Runtime\GraphicsDevice\OpenGL\OpenGLCommon.hpp">
      <Filter>Header Files</Filter>
    </ClInclude>
    <ClInclude Include="Runtime\GraphicsDevice\GraphicsDevice.hpp">
      <Filter>Header Files</Filter>
    </ClInclude>
    <ClInclude Include="Runtime\Renderable.hpp">
      <Filter>Header Files</Filter>
    </ClInclude>
    <ClInclude Include="Runtime\GraphicsDevice\Shader.hpp">
      <Filter>Header Files</Filter>
    </ClInclude>
    <ClInclude Include="Runtime\GraphicsDevice\VertexBuffer.hpp">
      <Filter>Header Files</Filter>
    </ClInclude>
    <ClInclude Include="Runtime\GraphicsDevice\GDTexture.hpp">
      <Filter>Header Files</Filter>
    </ClInclude>
    <ClInclude Include="Runtime\GraphicsDevice\BufferElementType.hpp">
      <Filter>Header Files</Filter>
    </ClInclude>
    <ClInclude Include="Runtime\Subsystem\DebugDrawManager.hpp">
      <Filter>Header Files</Filter>
    </ClInclude>
    <ClInclude Include="Runtime\Clock.hpp">
      <Filter>Header Files</Filter>
    </ClInclude>
    <ClInclude Include="Runtime\GraphicsDevice\OpenGL\OpenGLTexture.hpp">
      <Filter>Header Files</Filter>
    </ClInclude>
    <ClInclude Include="Runtime\GraphicsDevice\BlendState.hpp">
      <Filter>Header Files</Filter>
    </ClInclude>
    <ClInclude Include="Runtime\GraphicsDevice\RasterizerState.hpp">
      <Filter>Header Files</Filter>
    </ClInclude>
    <ClInclude Include="Runtime\GraphicsDevice\OpenGL\OpenGLRasterizerState.hpp">
      <Filter>Header Files</Filter>
    </ClInclude>
    <ClInclude Include="Runtime\GraphicsDevice\OpenGL\OpenGLBlendState.hpp">
      <Filter>Header Files</Filter>
    </ClInclude>
    <ClInclude Include="Runtime\GraphicsDevice\OpenGL\OpenGLGraphicsDevice.hpp">
      <Filter>Header Files</Filter>
    </ClInclude>
    <ClInclude Include="Utility\File.hpp">
      <Filter>Header Files</Filter>
    </ClInclude>
    <ClInclude Include="Runtime\GraphicsDevice\OpenGL\OpenGLShader.hpp">
      <Filter>Header Files</Filter>
    </ClInclude>
    <ClInclude Include="Utility\BindingSentry.hpp">
      <Filter>Header Files</Filter>
    </ClInclude>
    <ClInclude Include="Runtime\GraphicsDevice\OpenGL\OpenGLVertexBuffer.hpp">
      <Filter>Header Files</Filter>
    </ClInclude>
    <ClInclude Include="Runtime\GraphicsInterface\GraphicsInterface.hpp">
      <Filter>Header Files</Filter>
    </ClInclude>
  </ItemGroup>
  <ItemGroup>
    <ClCompile Include="Runtime\Window\Win32Window.cpp">
      <Filter>Source Files</Filter>
    </ClCompile>
    <ClCompile Include="Runtime\Window\Window.cpp">
      <Filter>Source Files</Filter>
    </ClCompile>
    <ClCompile Include="Filesystem\Filesystem.cpp">
      <Filter>Source Files</Filter>
    </ClCompile>
    <ClCompile Include="Extension\GTA\GTA3IMGv2Filesystem.cpp">
      <Filter>Source Files</Filter>
    </ClCompile>
    <ClCompile Include="Renderer\Renderer.cpp">
      <Filter>Source Files</Filter>
    </ClCompile>
    <ClCompile Include="World\Geometry\Geometry.cpp">
      <Filter>Source Files</Filter>
    </ClCompile>
    <ClCompile Include="Runtime\GraphicsDevice\OpenGL\Context\WGLContext.cpp">
      <Filter>Source Files</Filter>
    </ClCompile>
    <ClCompile Include="Runtime\Renderable.cpp">
      <Filter>Source Files</Filter>
    </ClCompile>
    <ClCompile Include="Runtime\GraphicsDevice\VertexBuffer.cpp">
      <Filter>Source Files</Filter>
    </ClCompile>
    <ClCompile Include="Runtime\Subsystem\DebugDrawManager.cpp">
      <Filter>Source Files</Filter>
    </ClCompile>
    <ClCompile Include="Runtime\Clock.cpp">
      <Filter>Source Files</Filter>
    </ClCompile>
    <ClCompile Include="Runtime\GraphicsDevice\OpenGL\OpenGLTexture.cpp">
      <Filter>Source Files</Filter>
    </ClCompile>
    <ClCompile Include="Runtime\GraphicsDevice\OpenGL\OpenGLCommon.cpp">
      <Filter>Source Files</Filter>
    </ClCompile>
    <ClCompile Include="Runtime\GraphicsDevice\OpenGL\OpenGLRasterizerState.cpp">
      <Filter>Source Files</Filter>
    </ClCompile>
    <ClCompile Include="Runtime\GraphicsDevice\OpenGL\OpenGLBlendState.cpp">
      <Filter>Source Files</Filter>
    </ClCompile>
    <ClCompile Include="Runtime\GraphicsDevice\OpenGL\OpenGLGraphicsDevice.cpp">
      <Filter>Source Files</Filter>
    </ClCompile>
    <ClCompile Include="Runtime\GraphicsDevice\OpenGL\OpenGLShader.cpp">
      <Filter>Source Files</Filter>
    </ClCompile>
    <ClCompile Include="Utility\File.cpp">
      <Filter>Source Files</Filter>
    </ClCompile>
    <ClCompile Include="Runtime\GraphicsDevice\OpenGL\OpenGLVertexBuffer.cpp">
      <Filter>Source Files</Filter>
    </ClCompile>
    <ClCompile Include="Runtime\Subsystem\DebugDrawImpl.cpp">
      <Filter>Source Files</Filter>
    </ClCompile>
  </ItemGroup>
</Project>